{
  "name": "jbonner.engineer",
  "version": "1.0.0",
  "lockfileVersion": 2,
  "requires": true,
  "packages": {
    "": {
      "dependencies": {
        "remix": "^2.10.3"
      }
    },
    "node_modules/remix": {
      "version": "2.10.3",
      "resolved": "https://registry.npmjs.org/remix/-/remix-2.10.3.tgz",
      "integrity": "sha512-G6ETyzViC/zwQEZ6RE7EVYBrgmglIa0+jVsVPjkpZx9hYksUgYHHdbnLyTC/CpkFdR+4tcyWP2Qm7WrY0XKd1Q==",
      "engines": {
        "node": ">=18.0.0"
      }
    }
  },
  "dependencies": {
    "remix": {
      "version": "2.10.3",
      "resolved": "https://registry.npmjs.org/remix/-/remix-2.10.3.tgz",
      "integrity": "sha512-G6ETyzViC/zwQEZ6RE7EVYBrgmglIa0+jVsVPjkpZx9hYksUgYHHdbnLyTC/CpkFdR+4tcyWP2Qm7WrY0XKd1Q=="
    }
  }
}
